Microsoft Visual Studio Solution File, Format Version 12.00
# Visual Studio 15
VisualStudioVersion = 15.0.27130.2024
MinimumVisualStudioVersion = 10.0.40219.1
Project("{2150E333-8FDC-42A3-9474-1A3956D46DE8}") = "Solution Items", "Solution Items", "{43514CCF-887D-43B9-81D0-A9930FE73772}"
	ProjectSection(SolutionItems) = preProject
		License.txt = License.txt
		Readme.md = Readme.md
		Directory.Build.props = Directory.Build.props
	EndProjectSection
EndProject
Project("{9A19103F-16F7-4668-BE54-9A1E7A4F7556}") = "CliWrap", "CliWrap\CliWrap.csproj", "{03ECCB7F-144F-4742-BF68-7F84026DA775}"
EndProject
Project("{9A19103F-16F7-4668-BE54-9A1E7A4F7556}") = "CliWrap.Tests", "CliWrap.Tests\CliWrap.Tests.csproj", "{890D9A75-4B00-4D89-AAF8-936726B45410}"
EndProject
Project("{FAE04EC0-301F-11D3-BF4B-00C04F79EFBC}") = "CliWrap.Tests.Dummy", "CliWrap.Tests.Dummy\CliWrap.Tests.Dummy.csproj", "{666CF814-2BA5-44E5-8C44-12A08E3C6D61}"
EndProject
Project("{FAE04EC0-301F-11D3-BF4B-00C04F79EFBC}") = "CliWrap.Benchmarks", "CliWrap.Benchmarks\CliWrap.Benchmarks.csproj", "{22636DB4-8A4D-4540-95AF-59C848459948}"
EndProject
Project("{FAE04EC0-301F-11D3-BF4B-00C04F79EFBC}") = "CliWrap.Signaler", "CliWrap.Signaler\CliWrap.Signaler.csproj", "{A0E41A11-D314-45C4-890B-831385450DF8}"
EndProject
Global
	GlobalSection(SolutionConfigurationPlatforms) = preSolution
		Debug|Any CPU = Debug|Any CPU
		Release|Any CPU = Release|Any CPU
	EndGlobalSection
	GlobalSection(ProjectConfigurationPlatforms) = postSolution
		{03ECCB7F-144F-4742-BF68-7F84026DA775}.Debug|Any CPU.ActiveCfg = Debug|Any CPU
		{03ECCB7F-144F-4742-BF68-7F84026DA775}.Debug|Any CPU.Build.0 = Debug|Any CPU
		{03ECCB7F-144F-4742-BF68-7F84026DA775}.Release|Any CPU.ActiveCfg = Release|Any CPU
		{03ECCB7F-144F-4742-BF68-7F84026DA775}.Release|Any CPU.Build.0 = Release|Any CPU
		{890D9A75-4B00-4D89-AAF8-936726B45410}.Debug|Any CPU.ActiveCfg = Debug|Any CPU
		{890D9A75-4B00-4D89-AAF8-936726B45410}.Debug|Any CPU.Build.0 = Debug|Any CPU
		{890D9A75-4B00-4D89-AAF8-936726B45410}.Release|Any CPU.ActiveCfg = Release|Any CPU
		{890D9A75-4B00-4D89-AAF8-936726B45410}.Release|Any CPU.Build.0 = Release|Any CPU
		{666CF814-2BA5-44E5-8C44-12A08E3C6D61}.Debug|Any CPU.ActiveCfg = Debug|Any CPU
		{666CF814-2BA5-44E5-8C44-12A08E3C6D61}.Debug|Any CPU.Build.0 = Debug|Any CPU
		{666CF814-2BA5-44E5-8C44-12A08E3C6D61}.Release|Any CPU.ActiveCfg = Release|Any CPU
		{666CF814-2BA5-44E5-8C44-12A08E3C6D61}.Release|Any CPU.Build.0 = Release|Any CPU
		{22636DB4-8A4D-4540-95AF-59C848459948}.Debug|Any CPU.ActiveCfg = Debug|Any CPU
		{22636DB4-8A4D-4540-95AF-59C848459948}.Debug|Any CPU.Build.0 = Debug|Any CPU
		{22636DB4-8A4D-4540-95AF-59C848459948}.Release|Any CPU.ActiveCfg = Release|Any CPU
		{22636DB4-8A4D-4540-95AF-59C848459948}.Release|Any CPU.Build.0 = Release|Any CPU
		{A0E41A11-D314-45C4-890B-831385450DF8}.Debug|Any CPU.ActiveCfg = Debug|Any CPU
		{A0E41A11-D314-45C4-890B-831385450DF8}.Debug|Any CPU.Build.0 = Debug|Any CPU
		{A0E41A11-D314-45C4-890B-831385450DF8}.Release|Any CPU.ActiveCfg = Release|Any CPU
		{A0E41A11-D314-45C4-890B-831385450DF8}.Release|Any CPU.Build.0 = Release|Any CPU
	EndGlobalSection
	GlobalSection(SolutionProperties) = preSolution
		HideSolutionNode = FALSE
	EndGlobalSection
	GlobalSection(ExtensibilityGlobals) = postSolution
		SolutionGuid = {E62AAC63-51EC-45A1-A500-7B073424CA8C}
	EndGlobalSection
EndGlobal
