
Microsoft Visual Studio Solution File, Format Version 12.00
# Visual Studio 14
VisualStudioVersion = 14.0.25420.1
MinimumVisualStudioVersion = 10.0.40219.1
Project("{FAE04EC0-301F-11D3-BF4B-00C04F79EFBC}") = "CliWrap", "CliWrap\CliWrap.csproj", "{D4506BFA-35F5-47B8-92C7-69A59CE8BACF}"
EndProject
Project("{FAE04EC0-301F-11D3-BF4B-00C04F79EFBC}") = "Tests", "Tests\Tests.csproj", "{A000DF06-F8F6-41AC-9665-B58D7E7DB671}"
EndProject
Global
	GlobalSection(SolutionConfigurationPlatforms) = preSolution
		Debug|Any CPU = Debug|Any CPU
		Release|Any CPU = Release|Any CPU
	EndGlobalSection
	GlobalSection(ProjectConfigurationPlatforms) = postSolution
		{D4506BFA-35F5-47B8-92C7-69A59CE8BACF}.Debug|Any CPU.ActiveCfg = Debug|Any CPU
		{D4506BFA-35F5-47B8-92C7-69A59CE8BACF}.Debug|Any CPU.Build.0 = Debug|Any CPU
		{D4506BFA-35F5-47B8-92C7-69A59CE8BACF}.Release|Any CPU.ActiveCfg = Release|Any CPU
		{D4506BFA-35F5-47B8-92C7-69A59CE8BACF}.Release|Any CPU.Build.0 = Release|Any CPU
		{A000DF06-F8F6-41AC-9665-B58D7E7DB671}.Debug|Any CPU.ActiveCfg = Debug|Any CPU
		{A000DF06-F8F6-41AC-9665-B58D7E7DB671}.Debug|Any CPU.Build.0 = Debug|Any CPU
		{A000DF06-F8F6-41AC-9665-B58D7E7DB671}.Release|Any CPU.ActiveCfg = Release|Any CPU
		{A000DF06-F8F6-41AC-9665-B58D7E7DB671}.Release|Any CPU.Build.0 = Release|Any CPU
	EndGlobalSection
	GlobalSection(SolutionProperties) = preSolution
		HideSolutionNode = FALSE
	EndGlobalSection
EndGlobal
