
Microsoft Visual Studio Solution File, Format Version 12.00
# Visual Studio 15
VisualStudioVersion = 15.0.26730.16
MinimumVisualStudioVersion = 10.0.40219.1
Project("{FAE04EC0-301F-11D3-BF4B-00C04F79EFBC}") = "CliWrap", "CliWrap\CliWrap.csproj", "{5CEBC7E7-A585-4802-AFCE-F050BE1F000F}"
EndProject
Project("{9A19103F-16F7-4668-BE54-9A1E7A4F7556}") = "CliWrap.Tests", "CliWrap.Tests\CliWrap.Tests.csproj", "{624D9559-DADC-412F-8043-552A94602BA1}"
EndProject
Global
	GlobalSection(SolutionConfigurationPlatforms) = preSolution
		Debug|Any CPU = Debug|Any CPU
		Release|Any CPU = Release|Any CPU
	EndGlobalSection
	GlobalSection(ProjectConfigurationPlatforms) = postSolution
		{5CEBC7E7-A585-4802-AFCE-F050BE1F000F}.Debug|Any CPU.ActiveCfg = Debug|Any CPU
		{5CEBC7E7-A585-4802-AFCE-F050BE1F000F}.Debug|Any CPU.Build.0 = Debug|Any CPU
		{5CEBC7E7-A585-4802-AFCE-F050BE1F000F}.Release|Any CPU.ActiveCfg = Release|Any CPU
		{5CEBC7E7-A585-4802-AFCE-F050BE1F000F}.Release|Any CPU.Build.0 = Release|Any CPU
		{624D9559-DADC-412F-8043-552A94602BA1}.Debug|Any CPU.ActiveCfg = Debug|Any CPU
		{624D9559-DADC-412F-8043-552A94602BA1}.Debug|Any CPU.Build.0 = Debug|Any CPU
		{624D9559-DADC-412F-8043-552A94602BA1}.Release|Any CPU.ActiveCfg = Release|Any CPU
		{624D9559-DADC-412F-8043-552A94602BA1}.Release|Any CPU.Build.0 = Release|Any CPU
	EndGlobalSection
	GlobalSection(SolutionProperties) = preSolution
		HideSolutionNode = FALSE
	EndGlobalSection
	GlobalSection(ExtensibilityGlobals) = postSolution
		SolutionGuid = {C422B4BD-5562-4EE2-8ED2-BE5209A523AC}
	EndGlobalSection
EndGlobal
